
Microsoft Visual Studio Solution File, Format Version 12.00
# Visual Studio 15
VisualStudioVersion = 15.0.28010.2003
MinimumVisualStudioVersion = 10.0.40219.1
Project("{9A19103F-16F7-4668-BE54-9A1E7A4F7556}") = "apoptoosi", "apoptoosi.csproj", "{118DE14A-02C6-4CF4-AB0F-A37A69AC71E5}"
EndProject
Global
	GlobalSection(SolutionConfigurationPlatforms) = preSolution
		Debug|Any CPU = Debug|Any CPU
		Release|Any CPU = Release|Any CPU
	EndGlobalSection
	GlobalSection(ProjectConfigurationPlatforms) = postSolution
		{118DE14A-02C6-4CF4-AB0F-A37A69AC71E5}.Debug|Any CPU.ActiveCfg = Debug|Any CPU
		{118DE14A-02C6-4CF4-AB0F-A37A69AC71E5}.Debug|Any CPU.Build.0 = Debug|Any CPU
		{118DE14A-02C6-4CF4-AB0F-A37A69AC71E5}.Release|Any CPU.ActiveCfg = Release|Any CPU
		{118DE14A-02C6-4CF4-AB0F-A37A69AC71E5}.Release|Any CPU.Build.0 = Release|Any CPU
	EndGlobalSection
	GlobalSection(SolutionProperties) = preSolution
		HideSolutionNode = FALSE
	EndGlobalSection
	GlobalSection(ExtensibilityGlobals) = postSolution
		SolutionGuid = {AAC09FC5-E9A9-4594-A815-A85A7E6A7A3C}
	EndGlobalSection
EndGlobal
